// !$*UTF8*$!
{
	archiveVersion = 1;
	classes = {
	};
	objectVersion = 77;
	objects = {

/* Begin PBXContainerItemProxy section */
		1028FFEF2EF16B0B002AB29D /* PBXContainerItemProxy */ = {
			isa = PBXContainerItemProxy;
			containerPortal = 1028FFD52EF16B09002AB29D /* Project object */;
			proxyType = 1;
			remoteGlobalIDString = 1028FFDC2EF16B09002AB29D;
			remoteInfo = LoveRead;
		};
		1028FFF92EF16B0B002AB29D /* PBXContainerItemProxy */ = {
			isa = PBXContainerItemProxy;
			containerPortal = 1028FFD52EF16B09002AB29D /* Project object */;
			proxyType = 1;
			remoteGlobalIDString = 1028FFDC2EF16B09002AB29D;
			remoteInfo = LoveRead;
		};
/* End PBXContainerItemProxy section */

/* Begin PBXFileReference section */
		1028FFDD2EF16B09002AB29D /* LoveRead.app */ = {isa = PBXFileReference; explicitFileType = wrapper.application; includeInIndex = 0; path = LoveRead.app; sourceTree = BUILT_PRODUCTS_DIR; };
		1028FFEE2EF16B0B002AB29D /* LoveReadTests.xctest */ = {isa = PBXFileReference; explicitFileType = wrapper.cfbundle; includeInIndex = 0; path = LoveReadTests.xctest; sourceTree = BUILT_PRODUCTS_DIR; };
		1028FFF82EF16B0B002AB29D /* LoveReadUITests.xctest */ = {isa = PBXFileReference; explicitFileType = wrapper.cfbundle; includeInIndex = 0; path = LoveReadUITests.xctest; sourceTree = BUILT_PRODUCTS_DIR; };
/* End PBXFileReference section */

/* Begin PBXFileSystemSynchronizedRootGroup section */
		1028FFDF2EF16B09002AB29D /* LoveRead */ = {
			isa = PBXFileSystemSynchronizedRootGroup;
			path = LoveRead;
			sourceTree = "<group>";
		};
		1028FFF12EF16B0B002AB29D /* LoveReadTests */ = {
			isa = PBXFileSystemSynchronizedRootGroup;
			path = LoveReadTests;
			sourceTree = "<group>";
		};
		1028FFFB2EF16B0B002AB29D /* LoveReadUITests */ = {
			isa = PBXFileSystemSynchronizedRootGroup;
			path = LoveReadUITests;
			sourceTree = "<group>";
		};
/* End PBXFileSystemSynchronizedRootGroup section */

/* Begin PBXFrameworksBuildPhase section */
		1028FFDA2EF16B09002AB29D /* Frameworks */ = {
			isa = PBXFrameworksBuildPhase;
			buildActionMask = 2147483647;
			files = (
			);
			runOnlyForDeploymentPostprocessing = 0;
		};
		1028FFEB2EF16B0B002AB29D /* Frameworks */ = {
			isa = PBXFrameworksBuildPhase;
			buildActionMask = 2147483647;
			files = (
			);
			runOnlyForDeploymentPostprocessing = 0;
		};
		1028FFF52EF16B0B002AB29D /* Frameworks */ = {
			isa = PBXFrameworksBuildPhase;
			buildActionMask = 2147483647;
			files = (
			);
			runOnlyForDeploymentPostprocessing = 0;
		};
/* End PBXFrameworksBuildPhase section */

/* Begin PBXGroup section */
		1028FFD42EF16B09002AB29D = {
			isa = PBXGroup;
			children = (
				1028FFDF2EF16B09002AB29D /* LoveRead */,
				1028FFF12EF16B0B002AB29D /* LoveReadTests */,
				1028FFFB2EF16B0B002AB29D /* LoveReadUITests */,
				1028FFDE2EF16B09002AB29D /* Products */,
			);
			sourceTree = "<group>";
		};
		1028FFDE2EF16B09002AB29D /* Products */ = {
			isa = PBXGroup;
			children = (
				1028FFDD2EF16B09002AB29D /* LoveRead.app */,
				1028FFEE2EF16B0B002AB29D /* LoveReadTests.xctest */,
				1028FFF82EF16B0B002AB29D /* LoveReadUITests.xctest */,
			);
			name = Products;
			sourceTree = "<group>";
		};
/* End PBXGroup section */

/* Begin PBXNativeTarget section */
		1028FFDC2EF16B09002AB29D /* LoveRead */ = {
			isa = PBXNativeTarget;
			buildConfigurationList = 102800022EF16B0B002AB29D /* Build configuration list for PBXNativeTarget "LoveRead" */;
			buildPhases = (
				1028FFD92EF16B09002AB29D /* Sources */,
				1028FFDA2EF16B09002AB29D /* Frameworks */,
				1028FFDB2EF16B09002AB29D /* Resources */,
			);
			buildRules = (
			);
			dependencies = (
			);
			fileSystemSynchronizedGroups = (
				1028FFDF2EF16B09002AB29D /* LoveRead */,
			);
			name = LoveRead;
			packageProductDependencies = (
			);
			productName = LoveRead;
			productReference = 1028FFDD2EF16B09002AB29D /* LoveRead.app */;
			productType = "com.apple.product-type.application";
		};
		1028FFED2EF16B0B002AB29D /* LoveReadTests */ = {
			isa = PBXNativeTarget;
			buildConfigurationList = 102800052EF16B0B002AB29D /* Build configuration list for PBXNativeTarget "LoveReadTests" */;
			buildPhases = (
				1028FFEA2EF16B0B002AB29D /* Sources */,
				1028FFEB2EF16B0B002AB29D /* Frameworks */,
				1028FFEC2EF16B0B002AB29D /* Resources */,
			);
			buildRules = (
			);
			dependencies = (
				1028FFF02EF16B0B002AB29D /* PBXTargetDependency */,
			);
			fileSystemSynchronizedGroups = (
				1028FFF12EF16B0B002AB29D /* LoveReadTests */,
			);
			name = LoveReadTests;
			packageProductDependencies = (
			);
			productName = LoveReadTests;
			productReference = 1028FFEE2EF16B0B002AB29D /* LoveReadTests.xctest */;
			productType = "com.apple.product-type.bundle.unit-test";
		};
		1028FFF72EF16B0B002AB29D /* LoveReadUITests */ = {
			isa = PBXNativeTarget;
			buildConfigurationList = 102800082EF16B0B002AB29D /* Build configuration list for PBXNativeTarget "LoveReadUITests" */;
			buildPhases = (
				1028FFF42EF16B0B002AB29D /* Sources */,
				1028FFF52EF16B0B002AB29D /* Frameworks */,
				1028FFF62EF16B0B002AB29D /* Resources */,
			);
			buildRules = (
			);
			dependencies = (
				1028FFFA2EF16B0B002AB29D /* PBXTargetDependency */,
			);
			fileSystemSynchronizedGroups = (
				1028FFFB2EF16B0B002AB29D /* LoveReadUITests */,
			);
			name = LoveReadUITests;
			packageProductDependencies = (
			);
			productName = LoveReadUITests;
			productReference = 1028FFF82EF16B0B002AB29D /* LoveReadUITests.xctest */;
			productType = "com.apple.product-type.bundle.ui-testing";
		};
/* End PBXNativeTarget section */

/* Begin PBXProject section */
		1028FFD52EF16B09002AB29D /* Project object */ = {
			isa = PBXProject;
			attributes = {
				BuildIndependentTargetsInParallel = 1;
				LastSwiftUpdateCheck = 1620;
				LastUpgradeCheck = 1620;
				TargetAttributes = {
					1028FFDC2EF16B09002AB29D = {
						CreatedOnToolsVersion = 16.2;
					};
					1028FFED2EF16B0B002AB29D = {
						CreatedOnToolsVersion = 16.2;
						TestTargetID = 1028FFDC2EF16B09002AB29D;
					};
					1028FFF72EF16B0B002AB29D = {
						CreatedOnToolsVersion = 16.2;
						TestTargetID = 1028FFDC2EF16B09002AB29D;
					};
				};
			};
			buildConfigurationList = 1028FFD82EF16B09002AB29D /* Build configuration list for PBXProject "LoveRead" */;
			developmentRegion = en;
			hasScannedForEncodings = 0;
			knownRegions = (
				en,
				Base,
			);
			mainGroup = 1028FFD42EF16B09002AB29D;
			minimizedProjectReferenceProxies = 1;
			preferredProjectObjectVersion = 77;
			productRefGroup = 1028FFDE2EF16B09002AB29D /* Products */;
			projectDirPath = "";
			projectRoot = "";
			targets = (
				1028FFDC2EF16B09002AB29D /* LoveRead */,
				1028FFED2EF16B0B002AB29D /* LoveReadTests */,
				1028FFF72EF16B0B002AB29D /* LoveReadUITests */,
			);
		};
/* End PBXProject section */

/* Begin PBXResourcesBuildPhase section */
		1028FFDB2EF16B09002AB29D /* Resources */ = {
			isa = PBXResourcesBuildPhase;
			buildActionMask = 2147483647;
			files = (
			);
			runOnlyForDeploymentPostprocessing = 0;
		};
		1028FFEC2EF16B0B002AB29D /* Resources */ = {
			isa = PBXResourcesBuildPhase;
			buildActionMask = 2147483647;
			files = (
			);
			runOnlyForDeploymentPostprocessing = 0;
		};
		1028FFF62EF16B0B002AB29D /* Resources */ = {
			isa = PBXResourcesBuildPhase;
			buildActionMask = 2147483647;
			files = (
			);
			runOnlyForDeploymentPostprocessing = 0;
		};
/* End PBXResourcesBuildPhase section */

/* Begin PBXSourcesBuildPhase section */
		1028FFD92EF16B09002AB29D /* Sources */ = {
			isa = PBXSourcesBuildPhase;
			buildActionMask = 2147483647;
			files = (
			);
			runOnlyForDeploymentPostprocessing = 0;
		};
		1028FFEA2EF16B0B002AB29D /* Sources */ = {
			isa = PBXSourcesBuildPhase;
			buildActionMask = 2147483647;
			files = (
			);
			runOnlyForDeploymentPostprocessing = 0;
		};
		1028FFF42EF16B0B002AB29D /* Sources */ = {
			isa = PBXSourcesBuildPhase;
			buildActionMask = 2147483647;
			files = (
			);
			runOnlyForDeploymentPostprocessing = 0;
		};
/* End PBXSourcesBuildPhase section */

/* Begin PBXTargetDependency section */
		1028FFF02EF16B0B002AB29D /* PBXTargetDependency */ = {
			isa = PBXTargetDependency;
			target = 1028FFDC2EF16B09002AB29D /* LoveRead */;
			targetProxy = 1028FFEF2EF16B0B002AB29D /* PBXContainerItemProxy */;
		};
		1028FFFA2EF16B0B002AB29D /* PBXTargetDependency */ = {
			isa = PBXTargetDependency;
			target = 1028FFDC2EF16B09002AB29D /* LoveRead */;
			targetProxy = 1028FFF92EF16B0B002AB29D /* PBXContainerItemProxy */;
		};
/* End PBXTargetDependency section */

/* Begin XCBuildConfiguration section */
		102800002EF16B0B002AB29D /* Debug */ = {
			isa = XCBuildConfiguration;
			buildSettings = {
				ALWAYS_SEARCH_USER_PATHS = NO;
				ASSETCATALOG_COMPILER_GENERATE_SWIFT_ASSET_SYMBOL_EXTENSIONS = YES;
				CLANG_ANALYZER_NONNULL = YES;
				CLANG_ANALYZER_NUMBER_OBJECT_CONVERSION = YES_AGGRESSIVE;
				CLANG_CXX_LANGUAGE_STANDARD = "gnu++20";
				CLANG_ENABLE_MODULES = YES;
				CLANG_ENABLE_OBJC_ARC = YES;
				CLANG_ENABLE_OBJC_WEAK = YES;
				CLANG_WARN_BLOCK_CAPTURE_AUTORELEASING = YES;
				CLANG_WARN_BOOL_CONVERSION = YES;
				CLANG_WARN_COMMA = YES;
				CLANG_WARN_CONSTANT_CONVERSION = YES;
				CLANG_WARN_DEPRECATED_OBJC_IMPLEMENTATIONS = YES;
				CLANG_WARN_DIRECT_OBJC_ISA_USAGE = YES_ERROR;
				CLANG_WARN_DOCUMENTATION_COMMENTS = YES;
				CLANG_WARN_EMPTY_BODY = YES;
				CLANG_WARN_ENUM_CONVERSION = YES;
				CLANG_WARN_INFINITE_RECURSION = YES;
				CLANG_WARN_INT_CONVERSION = YES;
				CLANG_WARN_NON_LITERAL_NULL_CONVERSION = YES;
				CLANG_WARN_OBJC_IMPLICIT_RETAIN_SELF = YES;
				CLANG_WARN_OBJC_LITERAL_CONVERSION = YES;
				CLANG_WARN_OBJC_ROOT_CLASS = YES_ERROR;
				CLANG_WARN_QUOTED_INCLUDE_IN_FRAMEWORK_HEADER = YES;
				CLANG_WARN_RANGE_LOOP_ANALYSIS = YES;
				CLANG_WARN_STRICT_PROTOTYPES = YES;
				CLANG_WARN_SUSPICIOUS_MOVE = YES;
				CLANG_WARN_UNGUARDED_AVAILABILITY = YES_AGGRESSIVE;
				CLANG_WARN_UNREACHABLE_CODE = YES;
				CLANG_WARN__DUPLICATE_METHOD_MATCH = YES;
				COPY_PHASE_STRIP = NO;
				DEBUG_INFORMATION_FORMAT = dwarf;
				ENABLE_STRICT_OBJC_MSGSEND = YES;
				ENABLE_TESTABILITY = YES;
				ENABLE_USER_SCRIPT_SANDBOXING = YES;
				GCC_C_LANGUAGE_STANDARD = gnu17;
				GCC_DYNAMIC_NO_PIC = NO;
				GCC_NO_COMMON_BLOCKS = YES;
				GCC_OPTIMIZATION_LEVEL = 0;
				GCC_PREPROCESSOR_DEFINITIONS = (
					"DEBUG=1",
					"$(inherited)",
				);
				GCC_WARN_64_TO_32_BIT_CONVERSION = YES;
				GCC_WARN_ABOUT_RETURN_TYPE = YES_ERROR;
				GCC_WARN_UNDECLARED_SELECTOR = YES;
				GCC_WARN_UNINITIALIZED_AUTOS = YES_AGGRESSIVE;
				GCC_WARN_UNUSED_FUNCTION = YES;
				GCC_WARN_UNUSED_VARIABLE = YES;
				LOCALIZATION_PREFERS_STRING_CATALOGS = YES;
				MTL_ENABLE_DEBUG_INFO = INCLUDE_SOURCE;
				MTL_FAST_MATH = YES;
				ONLY_ACTIVE_ARCH = YES;
				SWIFT_ACTIVE_COMPILATION_CONDITIONS = "DEBUG $(inherited)";
				SWIFT_OPTIMIZATION_LEVEL = "-Onone";
			};
			name = Debug;
		};
		102800012EF16B0B002AB29D /* Release */ = {
			isa = XCBuildConfiguration;
			buildSettings = {
				ALWAYS_SEARCH_USER_PATHS = NO;
				ASSETCATALOG_COMPILER_GENERATE_SWIFT_ASSET_SYMBOL_EXTENSIONS = YES;
				CLANG_ANALYZER_NONNULL = YES;
				CLANG_ANALYZER_NUMBER_OBJECT_CONVERSION = YES_AGGRESSIVE;
				CLANG_CXX_LANGUAGE_STANDARD = "gnu++20";
				CLANG_ENABLE_MODULES = YES;
				CLANG_ENABLE_OBJC_ARC = YES;
				CLANG_ENABLE_OBJC_WEAK = YES;
				CLANG_WARN_BLOCK_CAPTURE_AUTORELEASING = YES;
				CLANG_WARN_BOOL_CONVERSION = YES;
				CLANG_WARN_COMMA = YES;
				CLANG_WARN_CONSTANT_CONVERSION = YES;
				CLANG_WARN_DEPRECATED_OBJC_IMPLEMENTATIONS = YES;
				CLANG_WARN_DIRECT_OBJC_ISA_USAGE = YES_ERROR;
				CLANG_WARN_DOCUMENTATION_COMMENTS = YES;
				CLANG_WARN_EMPTY_BODY = YES;
				CLANG_WARN_ENUM_CONVERSION = YES;
				CLANG_WARN_INFINITE_RECURSION = YES;
				CLANG_WARN_INT_CONVERSION = YES;
				CLANG_WARN_NON_LITERAL_NULL_CONVERSION = YES;
				CLANG_WARN_OBJC_IMPLICIT_RETAIN_SELF = YES;
				CLANG_WARN_OBJC_LITERAL_CONVERSION = YES;
				CLANG_WARN_OBJC_ROOT_CLASS = YES_ERROR;
				CLANG_WARN_QUOTED_INCLUDE_IN_FRAMEWORK_HEADER = YES;
				CLANG_WARN_RANGE_LOOP_ANALYSIS = YES;
				CLANG_WARN_STRICT_PROTOTYPES = YES;
				CLANG_WARN_SUSPICIOUS_MOVE = YES;
				CLANG_WARN_UNGUARDED_AVAILABILITY = YES_AGGRESSIVE;
				CLANG_WARN_UNREACHABLE_CODE = YES;
				CLANG_WARN__DUPLICATE_METHOD_MATCH = YES;
				COPY_PHASE_STRIP = NO;
				DEBUG_INFORMATION_FORMAT = "dwarf-with-dsym";
				ENABLE_NS_ASSERTIONS = NO;
				ENABLE_STRICT_OBJC_MSGSEND = YES;
				ENABLE_USER_SCRIPT_SANDBOXING = YES;
				GCC_C_LANGUAGE_STANDARD = gnu17;
				GCC_NO_COMMON_BLOCKS = YES;
				GCC_WARN_64_TO_32_BIT_CONVERSION = YES;
				GCC_WARN_ABOUT_RETURN_TYPE = YES_ERROR;
				GCC_WARN_UNDECLARED_SELECTOR = YES;
				GCC_WARN_UNINITIALIZED_AUTOS = YES_AGGRESSIVE;
				GCC_WARN_UNUSED_FUNCTION = YES;
				GCC_WARN_UNUSED_VARIABLE = YES;
				LOCALIZATION_PREFERS_STRING_CATALOGS = YES;
				MTL_ENABLE_DEBUG_INFO = NO;
				MTL_FAST_MATH = YES;
				SWIFT_COMPILATION_MODE = wholemodule;
			};
			name = Release;
		};
		102800032EF16B0B002AB29D /* Debug */ = {
			isa = XCBuildConfiguration;
			buildSettings = {
				ASSETCATALOG_COMPILER_APPICON_NAME = AppIcon;
				ASSETCATALOG_COMPILER_GLOBAL_ACCENT_COLOR_NAME = AccentColor;
				CODE_SIGN_ENTITLEMENTS = LoveRead/LoveRead.entitlements;
				CODE_SIGN_STYLE = Automatic;
				CURRENT_PROJECT_VERSION = 1;
				DEVELOPMENT_ASSET_PATHS = "\"LoveRead/Preview Content\"";
				ENABLE_PREVIEWS = YES;
				GENERATE_INFOPLIST_FILE = YES;
				"INFOPLIST_KEY_UIApplicationSceneManifest_Generation[sdk=iphoneos*]" = YES;
				"INFOPLIST_KEY_UIApplicationSceneManifest_Generation[sdk=iphonesimulator*]" = YES;
				"INFOPLIST_KEY_UIApplicationSupportsIndirectInputEvents[sdk=iphoneos*]" = YES;
				"INFOPLIST_KEY_UIApplicationSupportsIndirectInputEvents[sdk=iphonesimulator*]" = YES;
				"INFOPLIST_KEY_UILaunchScreen_Generation[sdk=iphoneos*]" = YES;
				"INFOPLIST_KEY_UILaunchScreen_Generation[sdk=iphonesimulator*]" = YES;
				"INFOPLIST_KEY_UIStatusBarStyle[sdk=iphoneos*]" = UIStatusBarStyleDefault;
				"INFOPLIST_KEY_UIStatusBarStyle[sdk=iphonesimulator*]" = UIStatusBarStyleDefault;
				INFOPLIST_KEY_UISupportedInterfaceOrientations_iPad = "UIInterfaceOrientationPortrait UIInterfaceOrientationPortraitUpsideDown UIInterfaceOrientationLandscapeLeft UIInterfaceOrientationLandscapeRight";
				INFOPLIST_KEY_UISupportedInterfaceOrientations_iPhone = "UIInterfaceOrientationPortrait UIInterfaceOrientationLandscapeLeft UIInterfaceOrientationLandscapeRight";
				IPHONEOS_DEPLOYMENT_TARGET = 18.2;
				LD_RUNPATH_SEARCH_PATHS = "@executable_path/Frameworks";
				"LD_RUNPATH_SEARCH_PATHS[sdk=macosx*]" = "@executable_path/../Frameworks";
				MACOSX_DEPLOYMENT_TARGET = 14.8;
				MARKETING_VERSION = 1.0;
				PRODUCT_BUNDLE_IDENTIFIER = LoveRead.LoveRead;
				PRODUCT_NAME = "$(TARGET_NAME)";
				SDKROOT = auto;
				SUPPORTED_PLATFORMS = "iphoneos iphonesimulator macosx xros xrsimulator";
				SWIFT_EMIT_LOC_STRINGS = YES;
				SWIFT_VERSION = 5.0;
				TARGETED_DEVICE_FAMILY = "1,2,7";
				XROS_DEPLOYMENT_TARGET = 2.2;
			};
			name = Debug;
		};
		102800042EF16B0B002AB29D /* Release */ = {
			isa = XCBuildConfiguration;
			buildSettings = {
				ASSETCATALOG_COMPILER_APPICON_NAME = AppIcon;
				ASSETCATALOG_COMPILER_GLOBAL_ACCENT_COLOR_NAME = AccentColor;
				CODE_SIGN_ENTITLEMENTS = LoveRead/LoveRead.entitlements;
				CODE_SIGN_STYLE = Automatic;
				CURRENT_PROJECT_VERSION = 1;
				DEVELOPMENT_ASSET_PATHS = "\"LoveRead/Preview Content\"";
				ENABLE_PREVIEWS = YES;
				GENERATE_INFOPLIST_FILE = YES;
				"INFOPLIST_KEY_UIApplicationSceneManifest_Generation[sdk=iphoneos*]" = YES;
				"INFOPLIST_KEY_UIApplicationSceneManifest_Generation[sdk=iphonesimulator*]" = YES;
				"INFOPLIST_KEY_UIApplicationSupportsIndirectInputEvents[sdk=iphoneos*]" = YES;
				"INFOPLIST_KEY_UIApplicationSupportsIndirectInputEvents[sdk=iphonesimulator*]" = YES;
				"INFOPLIST_KEY_UILaunchScreen_Generation[sdk=iphoneos*]" = YES;
				"INFOPLIST_KEY_UILaunchScreen_Generation[sdk=iphonesimulator*]" = YES;
				"INFOPLIST_KEY_UIStatusBarStyle[sdk=iphoneos*]" = UIStatusBarStyleDefault;
				"INFOPLIST_KEY_UIStatusBarStyle[sdk=iphonesimulator*]" = UIStatusBarStyleDefault;
				INFOPLIST_KEY_UISupportedInterfaceOrientations_iPad = "UIInterfaceOrientationPortrait UIInterfaceOrientationPortraitUpsideDown UIInterfaceOrientationLandscapeLeft UIInterfaceOrientationLandscapeRight";
				INFOPLIST_KEY_UISupportedInterfaceOrientations_iPhone = "UIInterfaceOrientationPortrait UIInterfaceOrientationLandscapeLeft UIInterfaceOrientationLandscapeRight";
				IPHONEOS_DEPLOYMENT_TARGET = 18.2;
				LD_RUNPATH_SEARCH_PATHS = "@executable_path/Frameworks";
				"LD_RUNPATH_SEARCH_PATHS[sdk=macosx*]" = "@executable_path/../Frameworks";
				MACOSX_DEPLOYMENT_TARGET = 14.8;
				MARKETING_VERSION = 1.0;
				PRODUCT_BUNDLE_IDENTIFIER = LoveRead.LoveRead;
				PRODUCT_NAME = "$(TARGET_NAME)";
				SDKROOT = auto;
				SUPPORTED_PLATFORMS = "iphoneos iphonesimulator macosx xros xrsimulator";
				SWIFT_EMIT_LOC_STRINGS = YES;
				SWIFT_VERSION = 5.0;
				TARGETED_DEVICE_FAMILY = "1,2,7";
				XROS_DEPLOYMENT_TARGET = 2.2;
			};
			name = Release;
		};
		102800062EF16B0B002AB29D /* Debug */ = {
			isa = XCBuildConfiguration;
			buildSettings = {
				BUNDLE_LOADER = "$(TEST_HOST)";
				CODE_SIGN_STYLE = Automatic;
				CURRENT_PROJECT_VERSION = 1;
				GENERATE_INFOPLIST_FILE = YES;
				IPHONEOS_DEPLOYMENT_TARGET = 18.2;
				MACOSX_DEPLOYMENT_TARGET = 14.8;
				MARKETING_VERSION = 1.0;
				PRODUCT_BUNDLE_IDENTIFIER = LoveRead.LoveReadTests;
				PRODUCT_NAME = "$(TARGET_NAME)";
				SDKROOT = auto;
				SUPPORTED_PLATFORMS = "iphoneos iphonesimulator macosx xros xrsimulator";
				SWIFT_EMIT_LOC_STRINGS = NO;
				SWIFT_VERSION = 5.0;
				TARGETED_DEVICE_FAMILY = "1,2,7";
				TEST_HOST = "$(BUILT_PRODUCTS_DIR)/LoveRead.app/$(BUNDLE_EXECUTABLE_FOLDER_PATH)/LoveRead";
				XROS_DEPLOYMENT_TARGET = 2.2;
			};
			name = Debug;
		};
		102800072EF16B0B002AB29D /* Release */ = {
			isa = XCBuildConfiguration;
			buildSettings = {
				BUNDLE_LOADER = "$(TEST_HOST)";
				CODE_SIGN_STYLE = Automatic;
				CURRENT_PROJECT_VERSION = 1;
				GENERATE_INFOPLIST_FILE = YES;
				IPHONEOS_DEPLOYMENT_TARGET = 18.2;
				MACOSX_DEPLOYMENT_TARGET = 14.8;
				MARKETING_VERSION = 1.0;
				PRODUCT_BUNDLE_IDENTIFIER = LoveRead.LoveReadTests;
				PRODUCT_NAME = "$(TARGET_NAME)";
				SDKROOT = auto;
				SUPPORTED_PLATFORMS = "iphoneos iphonesimulator macosx xros xrsimulator";
				SWIFT_EMIT_LOC_STRINGS = NO;
				SWIFT_VERSION = 5.0;
				TARGETED_DEVICE_FAMILY = "1,2,7";
				TEST_HOST = "$(BUILT_PRODUCTS_DIR)/LoveRead.app/$(BUNDLE_EXECUTABLE_FOLDER_PATH)/LoveRead";
				XROS_DEPLOYMENT_TARGET = 2.2;
			};
			name = Release;
		};
		102800092EF16B0B002AB29D /* Debug */ = {
			isa = XCBuildConfiguration;
			buildSettings = {
				CODE_SIGN_STYLE = Automatic;
				CURRENT_PROJECT_VERSION = 1;
				GENERATE_INFOPLIST_FILE = YES;
				IPHONEOS_DEPLOYMENT_TARGET = 18.2;
				MACOSX_DEPLOYMENT_TARGET = 14.8;
				MARKETING_VERSION = 1.0;
				PRODUCT_BUNDLE_IDENTIFIER = LoveRead.LoveReadUITests;
				PRODUCT_NAME = "$(TARGET_NAME)";
				SDKROOT = auto;
				SUPPORTED_PLATFORMS = "iphoneos iphonesimulator macosx xros xrsimulator";
				SWIFT_EMIT_LOC_STRINGS = NO;
				SWIFT_VERSION = 5.0;
				TARGETED_DEVICE_FAMILY = "1,2,7";
				TEST_TARGET_NAME = LoveRead;
				XROS_DEPLOYMENT_TARGET = 2.2;
			};
			name = Debug;
		};
		1028000A2EF16B0B002AB29D /* Release */ = {
			isa = XCBuildConfiguration;
			buildSettings = {
				CODE_SIGN_STYLE = Automatic;
				CURRENT_PROJECT_VERSION = 1;
				GENERATE_INFOPLIST_FILE = YES;
				IPHONEOS_DEPLOYMENT_TARGET = 18.2;
				MACOSX_DEPLOYMENT_TARGET = 14.8;
				MARKETING_VERSION = 1.0;
				PRODUCT_BUNDLE_IDENTIFIER = LoveRead.LoveReadUITests;
				PRODUCT_NAME = "$(TARGET_NAME)";
				SDKROOT = auto;
				SUPPORTED_PLATFORMS = "iphoneos iphonesimulator macosx xros xrsimulator";
				SWIFT_EMIT_LOC_STRINGS = NO;
				SWIFT_VERSION = 5.0;
				TARGETED_DEVICE_FAMILY = "1,2,7";
				TEST_TARGET_NAME = LoveRead;
				XROS_DEPLOYMENT_TARGET = 2.2;
			};
			name = Release;
		};
/* End XCBuildConfiguration section */

/* Begin XCConfigurationList section */
		102800022EF16B0B002AB29D /* Build configuration list for PBXNativeTarget "LoveRead" */ = {
			isa = XCConfigurationList;
			buildConfigurations = (
				102800032EF16B0B002AB29D /* Debug */,
				102800042EF16B0B002AB29D /* Release */,
			);
			defaultConfigurationIsVisible = 0;
			defaultConfigurationName = Release;
		};
		102800052EF16B0B002AB29D /* Build configuration list for PBXNativeTarget "LoveReadTests" */ = {
			isa = XCConfigurationList;
			buildConfigurations = (
				102800062EF16B0B002AB29D /* Debug */,
				102800072EF16B0B002AB29D /* Release */,
			);
			defaultConfigurationIsVisible = 0;
			defaultConfigurationName = Release;
		};
		102800082EF16B0B002AB29D /* Build configuration list for PBXNativeTarget "LoveReadUITests" */ = {
			isa = XCConfigurationList;
			buildConfigurations = (
				102800092EF16B0B002AB29D /* Debug */,
				1028000A2EF16B0B002AB29D /* Release */,
			);
			defaultConfigurationIsVisible = 0;
			defaultConfigurationName = Release;
		};
		1028FFD82EF16B09002AB29D /* Build configuration list for PBXProject "LoveRead" */ = {
			isa = XCConfigurationList;
			buildConfigurations = (
				102800002EF16B0B002AB29D /* Debug */,
				102800012EF16B0B002AB29D /* Release */,
			);
			defaultConfigurationIsVisible = 0;
			defaultConfigurationName = Release;
		};
/* End XCConfigurationList section */
	};
	rootObject = 1028FFD52EF16B09002AB29D /* Project object */;
}
